
Microsoft Visual Studio Solution File, Format Version 12.00
# Visual Studio Version 17
VisualStudioVersion = 17.4.33213.308
MinimumVisualStudioVersion = 10.0.40219.1
Project("{9A19103F-16F7-4668-BE54-9A1E7A4F7556}") = "ConsoleApp", "ConsoleApp\ConsoleApp.csproj", "{AC920796-B23D-4BC8-B7C2-7C84165A9458}"
EndProject
Project("{9A19103F-16F7-4668-BE54-9A1E7A4F7556}") = "AutoCompleteConsole", "AutoCompleteConsole\AutoCompleteConsole.csproj", "{90CF17E2-2C87-431E-BC86-1CD31A70A32F}"
EndProject
Global
	GlobalSection(SolutionConfigurationPlatforms) = preSolution
		Debug|Any CPU = Debug|Any CPU
		Release|Any CPU = Release|Any CPU
	EndGlobalSection
	GlobalSection(ProjectConfigurationPlatforms) = postSolution
		{AC920796-B23D-4BC8-B7C2-7C84165A9458}.Debug|Any CPU.ActiveCfg = Debug|Any CPU
		{AC920796-B23D-4BC8-B7C2-7C84165A9458}.Debug|Any CPU.Build.0 = Debug|Any CPU
		{AC920796-B23D-4BC8-B7C2-7C84165A9458}.Release|Any CPU.ActiveCfg = Release|Any CPU
		{AC920796-B23D-4BC8-B7C2-7C84165A9458}.Release|Any CPU.Build.0 = Release|Any CPU
		{90CF17E2-2C87-431E-BC86-1CD31A70A32F}.Debug|Any CPU.ActiveCfg = Debug|Any CPU
		{90CF17E2-2C87-431E-BC86-1CD31A70A32F}.Debug|Any CPU.Build.0 = Debug|Any CPU
		{90CF17E2-2C87-431E-BC86-1CD31A70A32F}.Release|Any CPU.ActiveCfg = Release|Any CPU
		{90CF17E2-2C87-431E-BC86-1CD31A70A32F}.Release|Any CPU.Build.0 = Release|Any CPU
	EndGlobalSection
	GlobalSection(SolutionProperties) = preSolution
		HideSolutionNode = FALSE
	EndGlobalSection
	GlobalSection(ExtensibilityGlobals) = postSolution
		SolutionGuid = {FECAAFD8-C50E-4873-9BAB-101FDFCC3DB1}
	EndGlobalSection
EndGlobal
